// !$*UTF8*$!
{
	archiveVersion = 1;
	classes = {
	};
	objectVersion = 46;
	objects = {

/* Begin PBXBuildFile section */
		48A811F01C2CC41D007401B7 /* AppDelegate.swift in Sources */ = {isa = PBXBuildFile; fileRef = 48A811EF1C2CC41D007401B7 /* AppDelegate.swift */; };
		48A811F21C2CC41D007401B7 /* ViewController.swift in Sources */ = {isa = PBXBuildFile; fileRef = 48A811F11C2CC41D007401B7 /* ViewController.swift */; };
		48A811F51C2CC41D007401B7 /* Main.storyboard in Resources */ = {isa = PBXBuildFile; fileRef = 48A811F31C2CC41D007401B7 /* Main.storyboard */; };
		48A811F71C2CC41D007401B7 /* Images.xcassets in Resources */ = {isa = PBXBuildFile; fileRef = 48A811F61C2CC41D007401B7 /* Images.xcassets */; };
		48A811FA1C2CC41D007401B7 /* LaunchScreen.xib in Resources */ = {isa = PBXBuildFile; fileRef = 48A811F81C2CC41D007401B7 /* LaunchScreen.xib */; };
		48A812061C2CC41D007401B7 /* tipperTests.swift in Sources */ = {isa = PBXBuildFile; fileRef = 48A812051C2CC41D007401B7 /* tipperTests.swift */; };
		48A812121C2CE707007401B7 /* SettingsViewController.swift in Sources */ = {isa = PBXBuildFile; fileRef = 48A812111C2CE707007401B7 /* SettingsViewController.swift */; };
/* End PBXBuildFile section */

/* Begin PBXContainerItemProxy section */
		48A812001C2CC41D007401B7 /* PBXContainerItemProxy */ = {
			isa = PBXContainerItemProxy;
			containerPortal = 48A811E21C2CC41D007401B7 /* Project object */;
			proxyType = 1;
			remoteGlobalIDString = 48A811E91C2CC41D007401B7;
			remoteInfo = tipper;
		};
/* End PBXContainerItemProxy section */

/* Begin PBXFileReference section */
		48A811EA1C2CC41D007401B7 /* tipper.app */ = {isa = PBXFileReference; explicitFileType = wrapper.application; includeInIndex = 0; path = tipper.app; sourceTree = BUILT_PRODUCTS_DIR; };
		48A811EE1C2CC41D007401B7 /* Info.plist */ = {isa = PBXFileReference; lastKnownFileType = text.plist.xml; path = Info.plist; sourceTree = "<group>"; };
		48A811EF1C2CC41D007401B7 /* AppDelegate.swift */ = {isa = PBXFileReference; lastKnownFileType = sourcecode.swift; path = AppDelegate.swift; sourceTree = "<group>"; };
		48A811F11C2CC41D007401B7 /* ViewController.swift */ = {isa = PBXFileReference; lastKnownFileType = sourcecode.swift; path = ViewController.swift; sourceTree = "<group>"; };
		48A811F41C2CC41D007401B7 /* Base */ = {isa = PBXFileReference; lastKnownFileType = file.storyboard; name = Base; path = Base.lproj/Main.storyboard; sourceTree = "<group>"; };
		48A811F61C2CC41D007401B7 /* Images.xcassets */ = {isa = PBXFileReference; lastKnownFileType = folder.assetcatalog; path = Images.xcassets; sourceTree = "<group>"; };
		48A811F91C2CC41D007401B7 /* Base */ = {isa = PBXFileReference; lastKnownFileType = file.xib; name = Base; path = Base.lproj/LaunchScreen.xib; sourceTree = "<group>"; };
		48A811FF1C2CC41D007401B7 /* tipperTests.xctest */ = {isa = PBXFileReference; explicitFileType = wrapper.cfbundle; includeInIndex = 0; path = tipperTests.xctest; sourceTree = BUILT_PRODUCTS_DIR; };
		48A812041C2CC41D007401B7 /* Info.plist */ = {isa = PBXFileReference; lastKnownFileType = text.plist.xml; path = Info.plist; sourceTree = "<group>"; };
		48A812051C2CC41D007401B7 /* tipperTests.swift */ = {isa = PBXFileReference; lastKnownFileType = sourcecode.swift; path = tipperTests.swift; sourceTree = "<group>"; };
		48A812111C2CE707007401B7 /* SettingsViewController.swift */ = {isa = PBXFileReference; fileEncoding = 4; lastKnownFileType = sourcecode.swift; path = SettingsViewController.swift; sourceTree = "<group>"; };
/* End PBXFileReference section */

/* Begin PBXFrameworksBuildPhase section */
		48A811E71C2CC41D007401B7 /* Frameworks */ = {
			isa = PBXFrameworksBuildPhase;
			buildActionMask = 2147483647;
			files = (
			);
			runOnlyForDeploymentPostprocessing = 0;
		};
		48A811FC1C2CC41D007401B7 /* Frameworks */ = {
			isa = PBXFrameworksBuildPhase;
			buildActionMask = 2147483647;
			files = (
			);
			runOnlyForDeploymentPostprocessing = 0;
		};
/* End PBXFrameworksBuildPhase section */

/* Begin PBXGroup section */
		48A811E11C2CC41D007401B7 = {
			isa = PBXGroup;
			children = (
				48A811EC1C2CC41D007401B7 /* tipper */,
				48A812021C2CC41D007401B7 /* tipperTests */,
				48A811EB1C2CC41D007401B7 /* Products */,
			);
			sourceTree = "<group>";
		};
		48A811EB1C2CC41D007401B7 /* Products */ = {
			isa = PBXGroup;
			children = (
				48A811EA1C2CC41D007401B7 /* tipper.app */,
				48A811FF1C2CC41D007401B7 /* tipperTests.xctest */,
			);
			name = Products;
			sourceTree = "<group>";
		};
		48A811EC1C2CC41D007401B7 /* tipper */ = {
			isa = PBXGroup;
			children = (
				48A811EF1C2CC41D007401B7 /* AppDelegate.swift */,
				48A811F11C2CC41D007401B7 /* ViewController.swift */,
				48A812111C2CE707007401B7 /* SettingsViewController.swift */,
				48A811F31C2CC41D007401B7 /* Main.storyboard */,
				48A811F61C2CC41D007401B7 /* Images.xcassets */,
				48A811F81C2CC41D007401B7 /* LaunchScreen.xib */,
				48A811ED1C2CC41D007401B7 /* Supporting Files */,
			);
			path = tipper;
			sourceTree = "<group>";
		};
		48A811ED1C2CC41D007401B7 /* Supporting Files */ = {
			isa = PBXGroup;
			children = (
				48A811EE1C2CC41D007401B7 /* Info.plist */,
			);
			name = "Supporting Files";
			sourceTree = "<group>";
		};
		48A812021C2CC41D007401B7 /* tipperTests */ = {
			isa = PBXGroup;
			children = (
				48A812051C2CC41D007401B7 /* tipperTests.swift */,
				48A812031C2CC41D007401B7 /* Supporting Files */,
			);
			path = tipperTests;
			sourceTree = "<group>";
		};
		48A812031C2CC41D007401B7 /* Supporting Files */ = {
			isa = PBXGroup;
			children = (
				48A812041C2CC41D007401B7 /* Info.plist */,
			);
			name = "Supporting Files";
			sourceTree = "<group>";
		};
/* End PBXGroup section */

/* Begin PBXNativeTarget section */
		48A811E91C2CC41D007401B7 /* tipper */ = {
			isa = PBXNativeTarget;
			buildConfigurationList = 48A812091C2CC41D007401B7 /* Build configuration list for PBXNativeTarget "tipper" */;
			buildPhases = (
				48A811E61C2CC41D007401B7 /* Sources */,
				48A811E71C2CC41D007401B7 /* Frameworks */,
				48A811E81C2CC41D007401B7 /* Resources */,
			);
			buildRules = (
			);
			dependencies = (
			);
			name = tipper;
			productName = tipper;
			productReference = 48A811EA1C2CC41D007401B7 /* tipper.app */;
			productType = "com.apple.product-type.application";
		};
		48A811FE1C2CC41D007401B7 /* tipperTests */ = {
			isa = PBXNativeTarget;
			buildConfigurationList = 48A8120C1C2CC41D007401B7 /* Build configuration list for PBXNativeTarget "tipperTests" */;
			buildPhases = (
				48A811FB1C2CC41D007401B7 /* Sources */,
				48A811FC1C2CC41D007401B7 /* Frameworks */,
				48A811FD1C2CC41D007401B7 /* Resources */,
			);
			buildRules = (
			);
			dependencies = (
				48A812011C2CC41D007401B7 /* PBXTargetDependency */,
			);
			name = tipperTests;
			productName = tipperTests;
			productReference = 48A811FF1C2CC41D007401B7 /* tipperTests.xctest */;
			productType = "com.apple.product-type.bundle.unit-test";
		};
/* End PBXNativeTarget section */

/* Begin PBXProject section */
		48A811E21C2CC41D007401B7 /* Project object */ = {
			isa = PBXProject;
			attributes = {
				LastUpgradeCheck = 0640;
				ORGANIZATIONNAME = "Ali Afridi";
				TargetAttributes = {
					48A811E91C2CC41D007401B7 = {
						CreatedOnToolsVersion = 6.4;
					};
					48A811FE1C2CC41D007401B7 = {
						CreatedOnToolsVersion = 6.4;
						TestTargetID = 48A811E91C2CC41D007401B7;
					};
				};
			};
			buildConfigurationList = 48A811E51C2CC41D007401B7 /* Build configuration list for PBXProject "tipper" */;
			compatibilityVersion = "Xcode 3.2";
			developmentRegion = English;
			hasScannedForEncodings = 0;
			knownRegions = (
				en,
				Base,
			);
			mainGroup = 48A811E11C2CC41D007401B7;
			productRefGroup = 48A811EB1C2CC41D007401B7 /* Products */;
			projectDirPath = "";
			projectRoot = "";
			targets = (
				48A811E91C2CC41D007401B7 /* tipper */,
				48A811FE1C2CC41D007401B7 /* tipperTests */,
			);
		};
/* End PBXProject section */

/* Begin PBXResourcesBuildPhase section */
		48A811E81C2CC41D007401B7 /* Resources */ = {
			isa = PBXResourcesBuildPhase;
			buildActionMask = 2147483647;
			files = (
				48A811F51C2CC41D007401B7 /* Main.storyboard in Resources */,
				48A811FA1C2CC41D007401B7 /* LaunchScreen.xib in Resources */,
				48A811F71C2CC41D007401B7 /* Images.xcassets in Resources */,
			);
			runOnlyForDeploymentPostprocessing = 0;
		};
		48A811FD1C2CC41D007401B7 /* Resources */ = {
			isa = PBXResourcesBuildPhase;
			buildActionMask = 2147483647;
			files = (
			);
			runOnlyForDeploymentPostprocessing = 0;
		};
/* End PBXResourcesBuildPhase section */

/* Begin PBXSourcesBuildPhase section */
		48A811E61C2CC41D007401B7 /* Sources */ = {
			isa = PBXSourcesBuildPhase;
			buildActionMask = 2147483647;
			files = (
				48A811F21C2CC41D007401B7 /* ViewController.swift in Sources */,
				48A811F01C2CC41D007401B7 /* AppDelegate.swift in Sources */,
				48A812121C2CE707007401B7 /* SettingsViewController.swift in Sources */,
			);
			runOnlyForDeploymentPostprocessing = 0;
		};
		48A811FB1C2CC41D007401B7 /* Sources */ = {
			isa = PBXSourcesBuildPhase;
			buildActionMask = 2147483647;
			files = (
				48A812061C2CC41D007401B7 /* tipperTests.swift in Sources */,
			);
			runOnlyForDeploymentPostprocessing = 0;
		};
/* End PBXSourcesBuildPhase section */

/* Begin PBXTargetDependency section */
		48A812011C2CC41D007401B7 /* PBXTargetDependency */ = {
			isa = PBXTargetDependency;
			target = 48A811E91C2CC41D007401B7 /* tipper */;
			targetProxy = 48A812001C2CC41D007401B7 /* PBXContainerItemProxy */;
		};
/* End PBXTargetDependency section */

/* Begin PBXVariantGroup section */
		48A811F31C2CC41D007401B7 /* Main.storyboard */ = {
			isa = PBXVariantGroup;
			children = (
				48A811F41C2CC41D007401B7 /* Base */,
			);
			name = Main.storyboard;
			sourceTree = "<group>";
		};
		48A811F81C2CC41D007401B7 /* LaunchScreen.xib */ = {
			isa = PBXVariantGroup;
			children = (
				48A811F91C2CC41D007401B7 /* Base */,
			);
			name = LaunchScreen.xib;
			sourceTree = "<group>";
		};
/* End PBXVariantGroup section */

/* Begin XCBuildConfiguration section */
		48A812071C2CC41D007401B7 /* Debug */ = {
			isa = XCBuildConfiguration;
			buildSettings = {
				ALWAYS_SEARCH_USER_PATHS = NO;
				CLANG_CXX_LANGUAGE_STANDARD = "gnu++0x";
				CLANG_CXX_LIBRARY = "libc++";
				CLANG_ENABLE_MODULES = YES;
				CLANG_ENABLE_OBJC_ARC = YES;
				CLANG_WARN_BOOL_CONVERSION = YES;
				CLANG_WARN_CONSTANT_CONVERSION = YES;
				CLANG_WARN_DIRECT_OBJC_ISA_USAGE = YES_ERROR;
				CLANG_WARN_EMPTY_BODY = YES;
				CLANG_WARN_ENUM_CONVERSION = YES;
				CLANG_WARN_INT_CONVERSION = YES;
				CLANG_WARN_OBJC_ROOT_CLASS = YES_ERROR;
				CLANG_WARN_UNREACHABLE_CODE = YES;
				CLANG_WARN__DUPLICATE_METHOD_MATCH = YES;
				"CODE_SIGN_IDENTITY[sdk=iphoneos*]" = "iPhone Developer";
				COPY_PHASE_STRIP = NO;
				DEBUG_INFORMATION_FORMAT = "dwarf-with-dsym";
				ENABLE_STRICT_OBJC_MSGSEND = YES;
				GCC_C_LANGUAGE_STANDARD = gnu99;
				GCC_DYNAMIC_NO_PIC = NO;
				GCC_NO_COMMON_BLOCKS = YES;
				GCC_OPTIMIZATION_LEVEL = 0;
				GCC_PREPROCESSOR_DEFINITIONS = (
					"DEBUG=1",
					"$(inherited)",
				);
				GCC_SYMBOLS_PRIVATE_EXTERN = NO;
				GCC_WARN_64_TO_32_BIT_CONVERSION = YES;
				GCC_WARN_ABOUT_RETURN_TYPE = YES_ERROR;
				GCC_WARN_UNDECLARED_SELECTOR = YES;
				GCC_WARN_UNINITIALIZED_AUTOS = YES_AGGRESSIVE;
				GCC_WARN_UNUSED_FUNCTION = YES;
				GCC_WARN_UNUSED_VARIABLE = YES;
				IPHONEOS_DEPLOYMENT_TARGET = 8.4;
				MTL_ENABLE_DEBUG_INFO = YES;
				ONLY_ACTIVE_ARCH = YES;
				SDKROOT = iphoneos;
				SWIFT_OPTIMIZATION_LEVEL = "-Onone";
			};
			name = Debug;
		};
		48A812081C2CC41D007401B7 /* Release */ = {
			isa = XCBuildConfiguration;
			buildSettings = {
				ALWAYS_SEARCH_USER_PATHS = NO;
				CLANG_CXX_LANGUAGE_STANDARD = "gnu++0x";
				CLANG_CXX_LIBRARY = "libc++";
				CLANG_ENABLE_MODULES = YES;
				CLANG_ENABLE_OBJC_ARC = YES;
				CLANG_WARN_BOOL_CONVERSION = YES;
				CLANG_WARN_CONSTANT_CONVERSION = YES;
				CLANG_WARN_DIRECT_OBJC_ISA_USAGE = YES_ERROR;
				CLANG_WARN_EMPTY_BODY = YES;
				CLANG_WARN_ENUM_CONVERSION = YES;
				CLANG_WARN_INT_CONVERSION = YES;
				CLANG_WARN_OBJC_ROOT_CLASS = YES_ERROR;
				CLANG_WARN_UNREACHABLE_CODE = YES;
				CLANG_WARN__DUPLICATE_METHOD_MATCH = YES;
				"CODE_SIGN_IDENTITY[sdk=iphoneos*]" = "iPhone Developer";
				COPY_PHASE_STRIP = NO;
				DEBUG_INFORMATION_FORMAT = "dwarf-with-dsym";
				ENABLE_NS_ASSERTIONS = NO;
				ENABLE_STRICT_OBJC_MSGSEND = YES;
				GCC_C_LANGUAGE_STANDARD = gnu99;
				GCC_NO_COMMON_BLOCKS = YES;
				GCC_WARN_64_TO_32_BIT_CONVERSION = YES;
				GCC_WARN_ABOUT_RETURN_TYPE = YES_ERROR;
				GCC_WARN_UNDECLARED_SELECTOR = YES;
				GCC_WARN_UNINITIALIZED_AUTOS = YES_AGGRESSIVE;
				GCC_WARN_UNUSED_FUNCTION = YES;
				GCC_WARN_UNUSED_VARIABLE = YES;
				IPHONEOS_DEPLOYMENT_TARGET = 8.4;
				MTL_ENABLE_DEBUG_INFO = NO;
				SDKROOT = iphoneos;
				VALIDATE_PRODUCT = YES;
			};
			name = Release;
		};
		48A8120A1C2CC41D007401B7 /* Debug */ = {
			isa = XCBuildConfiguration;
			buildSettings = {
				ASSETCATALOG_COMPILER_APPICON_NAME = AppIcon;
				INFOPLIST_FILE = tipper/Info.plist;
				LD_RUNPATH_SEARCH_PATHS = "$(inherited) @executable_path/Frameworks";
				PRODUCT_NAME = "$(TARGET_NAME)";
			};
			name = Debug;
		};
		48A8120B1C2CC41D007401B7 /* Release */ = {
			isa = XCBuildConfiguration;
			buildSettings = {
				ASSETCATALOG_COMPILER_APPICON_NAME = AppIcon;
				INFOPLIST_FILE = tipper/Info.plist;
				LD_RUNPATH_SEARCH_PATHS = "$(inherited) @executable_path/Frameworks";
				PRODUCT_NAME = "$(TARGET_NAME)";
			};
			name = Release;
		};
		48A8120D1C2CC41D007401B7 /* Debug */ = {
			isa = XCBuildConfiguration;
			buildSettings = {
				BUNDLE_LOADER = "$(TEST_HOST)";
				FRAMEWORK_SEARCH_PATHS = (
					"$(SDKROOT)/Developer/Library/Frameworks",
					"$(inherited)",
				);
				GCC_PREPROCESSOR_DEFINITIONS = (
					"DEBUG=1",
					"$(inherited)",
				);
				INFOPLIST_FILE = tipperTests/Info.plist;
				LD_RUNPATH_SEARCH_PATHS = "$(inherited) @executable_path/Frameworks @loader_path/Frameworks";
				PRODUCT_NAME = "$(TARGET_NAME)";
				TEST_HOST = "$(BUILT_PRODUCTS_DIR)/tipper.app/tipper";
			};
			name = Debug;
		};
		48A8120E1C2CC41D007401B7 /* Release */ = {
			isa = XCBuildConfiguration;
			buildSettings = {
				BUNDLE_LOADER = "$(TEST_HOST)";
				FRAMEWORK_SEARCH_PATHS = (
					"$(SDKROOT)/Developer/Library/Frameworks",
					"$(inherited)",
				);
				INFOPLIST_FILE = tipperTests/Info.plist;
				LD_RUNPATH_SEARCH_PATHS = "$(inherited) @executable_path/Frameworks @loader_path/Frameworks";
				PRODUCT_NAME = "$(TARGET_NAME)";
				TEST_HOST = "$(BUILT_PRODUCTS_DIR)/tipper.app/tipper";
			};
			name = Release;
		};
/* End XCBuildConfiguration section */

/* Begin XCConfigurationList section */
		48A811E51C2CC41D007401B7 /* Build configuration list for PBXProject "tipper" */ = {
			isa = XCConfigurationList;
			buildConfigurations = (
				48A812071C2CC41D007401B7 /* Debug */,
				48A812081C2CC41D007401B7 /* Release */,
			);
			defaultConfigurationIsVisible = 0;
			defaultConfigurationName = Release;
		};
		48A812091C2CC41D007401B7 /* Build configuration list for PBXNativeTarget "tipper" */ = {
			isa = XCConfigurationList;
			buildConfigurations = (
				48A8120A1C2CC41D007401B7 /* Debug */,
				48A8120B1C2CC41D007401B7 /* Release */,
			);
			defaultConfigurationIsVisible = 0;
		};
		48A8120C1C2CC41D007401B7 /* Build configuration list for PBXNativeTarget "tipperTests" */ = {
			isa = XCConfigurationList;
			buildConfigurations = (
				48A8120D1C2CC41D007401B7 /* Debug */,
				48A8120E1C2CC41D007401B7 /* Release */,
			);
			defaultConfigurationIsVisible = 0;
		};
/* End XCConfigurationList section */
	};
	rootObject = 48A811E21C2CC41D007401B7 /* Project object */;
}
